// !$*UTF8*$!
{
	archiveVersion = 1;
	classes = {
	};
	objectVersion = 56;
	objects = {

/* Begin PBXBuildFile section */
		4843BE4F2C0A31CA001016A2 /* check.json in Resources */ = {isa = PBXBuildFile; fileRef = 4843BE4E2C0A31CA001016A2 /* check.json */; };
		48C924132C0617DF0003EDB4 /* AnimakoApp.swift in Sources */ = {isa = PBXBuildFile; fileRef = 48C924122C0617DF0003EDB4 /* AnimakoApp.swift */; };
		48C924152C0617DF0003EDB4 /* ContentView.swift in Sources */ = {isa = PBXBuildFile; fileRef = 48C924142C0617DF0003EDB4 /* ContentView.swift */; };
		48C924172C0617E60003EDB4 /* Assets.xcassets in Resources */ = {isa = PBXBuildFile; fileRef = 48C924162C0617E60003EDB4 /* Assets.xcassets */; };
		48C9241A2C0617E60003EDB4 /* Preview Assets.xcassets in Resources */ = {isa = PBXBuildFile; fileRef = 48C924192C0617E60003EDB4 /* Preview Assets.xcassets */; };
		48C924262C061A0D0003EDB4 /* Lottie in Frameworks */ = {isa = PBXBuildFile; productRef = 48C924252C061A0D0003EDB4 /* Lottie */; };
		48C9242A2C063CB70003EDB4 /* full.json in Resources */ = {isa = PBXBuildFile; fileRef = 48C924292C063CB70003EDB4 /* full.json */; };
		48D7B0802C0DF54C00C68F4E /* SignInView.swift in Sources */ = {isa = PBXBuildFile; fileRef = 48D7B07F2C0DF54C00C68F4E /* SignInView.swift */; };
/* End PBXBuildFile section */

/* Begin PBXFileReference section */
		4843BE4E2C0A31CA001016A2 /* check.json */ = {isa = PBXFileReference; fileEncoding = 4; lastKnownFileType = text.json; path = check.json; sourceTree = "<group>"; };
		48C9240F2C0617DF0003EDB4 /* Animako.app */ = {isa = PBXFileReference; explicitFileType = wrapper.application; includeInIndex = 0; path = Animako.app; sourceTree = BUILT_PRODUCTS_DIR; };
		48C924122C0617DF0003EDB4 /* AnimakoApp.swift */ = {isa = PBXFileReference; lastKnownFileType = sourcecode.swift; path = AnimakoApp.swift; sourceTree = "<group>"; };
		48C924142C0617DF0003EDB4 /* ContentView.swift */ = {isa = PBXFileReference; lastKnownFileType = sourcecode.swift; path = ContentView.swift; sourceTree = "<group>"; };
		48C924162C0617E60003EDB4 /* Assets.xcassets */ = {isa = PBXFileReference; lastKnownFileType = folder.assetcatalog; path = Assets.xcassets; sourceTree = "<group>"; };
		48C924192C0617E60003EDB4 /* Preview Assets.xcassets */ = {isa = PBXFileReference; lastKnownFileType = folder.assetcatalog; path = "Preview Assets.xcassets"; sourceTree = "<group>"; };
		48C924292C063CB70003EDB4 /* full.json */ = {isa = PBXFileReference; fileEncoding = 4; lastKnownFileType = text.json; path = full.json; sourceTree = "<group>"; };
		48D7B07F2C0DF54C00C68F4E /* SignInView.swift */ = {isa = PBXFileReference; lastKnownFileType = sourcecode.swift; path = SignInView.swift; sourceTree = "<group>"; };
/* End PBXFileReference section */

/* Begin PBXFrameworksBuildPhase section */
		48C9240C2C0617DF0003EDB4 /* Frameworks */ = {
			isa = PBXFrameworksBuildPhase;
			buildActionMask = 2147483647;
			files = (
				48C924262C061A0D0003EDB4 /* Lottie in Frameworks */,
			);
			runOnlyForDeploymentPostprocessing = 0;
		};
/* End PBXFrameworksBuildPhase section */

/* Begin PBXGroup section */
		48C924062C0617DF0003EDB4 = {
			isa = PBXGroup;
			children = (
				48C924112C0617DF0003EDB4 /* Animako */,
				48C924102C0617DF0003EDB4 /* Products */,
			);
			sourceTree = "<group>";
		};
		48C924102C0617DF0003EDB4 /* Products */ = {
			isa = PBXGroup;
			children = (
				48C9240F2C0617DF0003EDB4 /* Animako.app */,
			);
			name = Products;
			sourceTree = "<group>";
		};
		48C924112C0617DF0003EDB4 /* Animako */ = {
			isa = PBXGroup;
			children = (
				48C924122C0617DF0003EDB4 /* AnimakoApp.swift */,
				48C924142C0617DF0003EDB4 /* ContentView.swift */,
				48C924272C063C590003EDB4 /* Resources */,
				48C924212C0618CD0003EDB4 /* Views */,
				48C924162C0617E60003EDB4 /* Assets.xcassets */,
				48C924182C0617E60003EDB4 /* Preview Content */,
			);
			path = Animako;
			sourceTree = "<group>";
		};
		48C924182C0617E60003EDB4 /* Preview Content */ = {
			isa = PBXGroup;
			children = (
				48C924192C0617E60003EDB4 /* Preview Assets.xcassets */,
			);
			path = "Preview Content";
			sourceTree = "<group>";
		};
		48C924212C0618CD0003EDB4 /* Views */ = {
			isa = PBXGroup;
			children = (
				48D7B07F2C0DF54C00C68F4E /* SignInView.swift */,
			);
			path = Views;
			sourceTree = "<group>";
		};
		48C924272C063C590003EDB4 /* Resources */ = {
			isa = PBXGroup;
			children = (
				48C924282C063C630003EDB4 /* Animations */,
			);
			path = Resources;
			sourceTree = "<group>";
		};
		48C924282C063C630003EDB4 /* Animations */ = {
			isa = PBXGroup;
			children = (
				4843BE4E2C0A31CA001016A2 /* check.json */,
				48C924292C063CB70003EDB4 /* full.json */,
			);
			path = Animations;
			sourceTree = "<group>";
		};
/* End PBXGroup section */

/* Begin PBXNativeTarget section */
		48C9240E2C0617DF0003EDB4 /* Animako */ = {
			isa = PBXNativeTarget;
			buildConfigurationList = 48C9241D2C0617E60003EDB4 /* Build configuration list for PBXNativeTarget "Animako" */;
			buildPhases = (
				48C9240B2C0617DF0003EDB4 /* Sources */,
				48C9240C2C0617DF0003EDB4 /* Frameworks */,
				48C9240D2C0617DF0003EDB4 /* Resources */,
			);
			buildRules = (
			);
			dependencies = (
			);
			name = Animako;
			packageProductDependencies = (
				48C924252C061A0D0003EDB4 /* Lottie */,
			);
			productName = Animako;
			productReference = 48C9240F2C0617DF0003EDB4 /* Animako.app */;
			productType = "com.apple.product-type.application";
		};
/* End PBXNativeTarget section */

/* Begin PBXProject section */
		48C924072C0617DF0003EDB4 /* Project object */ = {
			isa = PBXProject;
			attributes = {
				BuildIndependentTargetsInParallel = 1;
				LastSwiftUpdateCheck = 1520;
				LastUpgradeCheck = 1520;
				TargetAttributes = {
					48C9240E2C0617DF0003EDB4 = {
						CreatedOnToolsVersion = 15.2;
					};
				};
			};
			buildConfigurationList = 48C9240A2C0617DF0003EDB4 /* Build configuration list for PBXProject "Animako" */;
			compatibilityVersion = "Xcode 14.0";
			developmentRegion = en;
			hasScannedForEncodings = 0;
			knownRegions = (
				en,
				Base,
			);
			mainGroup = 48C924062C0617DF0003EDB4;
			packageReferences = (
				48C924242C061A0C0003EDB4 /* XCRemoteSwiftPackageReference "lottie-ios" */,
			);
			productRefGroup = 48C924102C0617DF0003EDB4 /* Products */;
			projectDirPath = "";
			projectRoot = "";
			targets = (
				48C9240E2C0617DF0003EDB4 /* Animako */,
			);
		};
/* End PBXProject section */

/* Begin PBXResourcesBuildPhase section */
		48C9240D2C0617DF0003EDB4 /* Resources */ = {
			isa = PBXResourcesBuildPhase;
			buildActionMask = 2147483647;
			files = (
				4843BE4F2C0A31CA001016A2 /* check.json in Resources */,
				48C9241A2C0617E60003EDB4 /* Preview Assets.xcassets in Resources */,
				48C924172C0617E60003EDB4 /* Assets.xcassets in Resources */,
				48C9242A2C063CB70003EDB4 /* full.json in Resources */,
			);
			runOnlyForDeploymentPostprocessing = 0;
		};
/* End PBXResourcesBuildPhase section */

/* Begin PBXSourcesBuildPhase section */
		48C9240B2C0617DF0003EDB4 /* Sources */ = {
			isa = PBXSourcesBuildPhase;
			buildActionMask = 2147483647;
			files = (
				48D7B0802C0DF54C00C68F4E /* SignInView.swift in Sources */,
				48C924152C0617DF0003EDB4 /* ContentView.swift in Sources */,
				48C924132C0617DF0003EDB4 /* AnimakoApp.swift in Sources */,
			);
			runOnlyForDeploymentPostprocessing = 0;
		};
/* End PBXSourcesBuildPhase section */

/* Begin XCBuildConfiguration section */
		48C9241B2C0617E60003EDB4 /* Debug */ = {
			isa = XCBuildConfiguration;
			buildSettings = {
				ALWAYS_SEARCH_USER_PATHS = NO;
				ASSETCATALOG_COMPILER_GENERATE_SWIFT_ASSET_SYMBOL_EXTENSIONS = YES;
				CLANG_ANALYZER_NONNULL = YES;
				CLANG_ANALYZER_NUMBER_OBJECT_CONVERSION = YES_AGGRESSIVE;
				CLANG_CXX_LANGUAGE_STANDARD = "gnu++20";
				CLANG_ENABLE_MODULES = YES;
				CLANG_ENABLE_OBJC_ARC = YES;
				CLANG_ENABLE_OBJC_WEAK = YES;
				CLANG_WARN_BLOCK_CAPTURE_AUTORELEASING = YES;
				CLANG_WARN_BOOL_CONVERSION = YES;
				CLANG_WARN_COMMA = YES;
				CLANG_WARN_CONSTANT_CONVERSION = YES;
				CLANG_WARN_DEPRECATED_OBJC_IMPLEMENTATIONS = YES;
				CLANG_WARN_DIRECT_OBJC_ISA_USAGE = YES_ERROR;
				CLANG_WARN_DOCUMENTATION_COMMENTS = YES;
				CLANG_WARN_EMPTY_BODY = YES;
				CLANG_WARN_ENUM_CONVERSION = YES;
				CLANG_WARN_INFINITE_RECURSION = YES;
				CLANG_WARN_INT_CONVERSION = YES;
				CLANG_WARN_NON_LITERAL_NULL_CONVERSION = YES;
				CLANG_WARN_OBJC_IMPLICIT_RETAIN_SELF = YES;
				CLANG_WARN_OBJC_LITERAL_CONVERSION = YES;
				CLANG_WARN_OBJC_ROOT_CLASS = YES_ERROR;
				CLANG_WARN_QUOTED_INCLUDE_IN_FRAMEWORK_HEADER = YES;
				CLANG_WARN_RANGE_LOOP_ANALYSIS = YES;
				CLANG_WARN_STRICT_PROTOTYPES = YES;
				CLANG_WARN_SUSPICIOUS_MOVE = YES;
				CLANG_WARN_UNGUARDED_AVAILABILITY = YES_AGGRESSIVE;
				CLANG_WARN_UNREACHABLE_CODE = YES;
				CLANG_WARN__DUPLICATE_METHOD_MATCH = YES;
				COPY_PHASE_STRIP = NO;
				DEBUG_INFORMATION_FORMAT = dwarf;
				ENABLE_STRICT_OBJC_MSGSEND = YES;
				ENABLE_TESTABILITY = YES;
				ENABLE_USER_SCRIPT_SANDBOXING = YES;
				GCC_C_LANGUAGE_STANDARD = gnu17;
				GCC_DYNAMIC_NO_PIC = NO;
				GCC_NO_COMMON_BLOCKS = YES;
				GCC_OPTIMIZATION_LEVEL = 0;
				GCC_PREPROCESSOR_DEFINITIONS = (
					"DEBUG=1",
					"$(inherited)",
				);
				GCC_WARN_64_TO_32_BIT_CONVERSION = YES;
				GCC_WARN_ABOUT_RETURN_TYPE = YES_ERROR;
				GCC_WARN_UNDECLARED_SELECTOR = YES;
				GCC_WARN_UNINITIALIZED_AUTOS = YES_AGGRESSIVE;
				GCC_WARN_UNUSED_FUNCTION = YES;
				GCC_WARN_UNUSED_VARIABLE = YES;
				IPHONEOS_DEPLOYMENT_TARGET = 17.2;
				LOCALIZATION_PREFERS_STRING_CATALOGS = YES;
				MTL_ENABLE_DEBUG_INFO = INCLUDE_SOURCE;
				MTL_FAST_MATH = YES;
				ONLY_ACTIVE_ARCH = YES;
				SDKROOT = iphoneos;
				SWIFT_ACTIVE_COMPILATION_CONDITIONS = "DEBUG $(inherited)";
				SWIFT_OPTIMIZATION_LEVEL = "-Onone";
			};
			name = Debug;
		};
		48C9241C2C0617E60003EDB4 /* Release */ = {
			isa = XCBuildConfiguration;
			buildSettings = {
				ALWAYS_SEARCH_USER_PATHS = NO;
				ASSETCATALOG_COMPILER_GENERATE_SWIFT_ASSET_SYMBOL_EXTENSIONS = YES;
				CLANG_ANALYZER_NONNULL = YES;
				CLANG_ANALYZER_NUMBER_OBJECT_CONVERSION = YES_AGGRESSIVE;
				CLANG_CXX_LANGUAGE_STANDARD = "gnu++20";
				CLANG_ENABLE_MODULES = YES;
				CLANG_ENABLE_OBJC_ARC = YES;
				CLANG_ENABLE_OBJC_WEAK = YES;
				CLANG_WARN_BLOCK_CAPTURE_AUTORELEASING = YES;
				CLANG_WARN_BOOL_CONVERSION = YES;
				CLANG_WARN_COMMA = YES;
				CLANG_WARN_CONSTANT_CONVERSION = YES;
				CLANG_WARN_DEPRECATED_OBJC_IMPLEMENTATIONS = YES;
				CLANG_WARN_DIRECT_OBJC_ISA_USAGE = YES_ERROR;
				CLANG_WARN_DOCUMENTATION_COMMENTS = YES;
				CLANG_WARN_EMPTY_BODY = YES;
				CLANG_WARN_ENUM_CONVERSION = YES;
				CLANG_WARN_INFINITE_RECURSION = YES;
				CLANG_WARN_INT_CONVERSION = YES;
				CLANG_WARN_NON_LITERAL_NULL_CONVERSION = YES;
				CLANG_WARN_OBJC_IMPLICIT_RETAIN_SELF = YES;
				CLANG_WARN_OBJC_LITERAL_CONVERSION = YES;
				CLANG_WARN_OBJC_ROOT_CLASS = YES_ERROR;
				CLANG_WARN_QUOTED_INCLUDE_IN_FRAMEWORK_HEADER = YES;
				CLANG_WARN_RANGE_LOOP_ANALYSIS = YES;
				CLANG_WARN_STRICT_PROTOTYPES = YES;
				CLANG_WARN_SUSPICIOUS_MOVE = YES;
				CLANG_WARN_UNGUARDED_AVAILABILITY = YES_AGGRESSIVE;
				CLANG_WARN_UNREACHABLE_CODE = YES;
				CLANG_WARN__DUPLICATE_METHOD_MATCH = YES;
				COPY_PHASE_STRIP = NO;
				DEBUG_INFORMATION_FORMAT = "dwarf-with-dsym";
				ENABLE_NS_ASSERTIONS = NO;
				ENABLE_STRICT_OBJC_MSGSEND = YES;
				ENABLE_USER_SCRIPT_SANDBOXING = YES;
				GCC_C_LANGUAGE_STANDARD = gnu17;
				GCC_NO_COMMON_BLOCKS = YES;
				GCC_WARN_64_TO_32_BIT_CONVERSION = YES;
				GCC_WARN_ABOUT_RETURN_TYPE = YES_ERROR;
				GCC_WARN_UNDECLARED_SELECTOR = YES;
				GCC_WARN_UNINITIALIZED_AUTOS = YES_AGGRESSIVE;
				GCC_WARN_UNUSED_FUNCTION = YES;
				GCC_WARN_UNUSED_VARIABLE = YES;
				IPHONEOS_DEPLOYMENT_TARGET = 17.2;
				LOCALIZATION_PREFERS_STRING_CATALOGS = YES;
				MTL_ENABLE_DEBUG_INFO = NO;
				MTL_FAST_MATH = YES;
				SDKROOT = iphoneos;
				SWIFT_COMPILATION_MODE = wholemodule;
				VALIDATE_PRODUCT = YES;
			};
			name = Release;
		};
		48C9241E2C0617E60003EDB4 /* Debug */ = {
			isa = XCBuildConfiguration;
			buildSettings = {
				ASSETCATALOG_COMPILER_APPICON_NAME = AppIcon;
				ASSETCATALOG_COMPILER_GLOBAL_ACCENT_COLOR_NAME = AccentColor;
				CODE_SIGN_STYLE = Automatic;
				CURRENT_PROJECT_VERSION = 1;
				DEVELOPMENT_ASSET_PATHS = "\"Animako/Preview Content\"";
				DEVELOPMENT_TEAM = 5ZVRCNG294;
				ENABLE_PREVIEWS = YES;
				GENERATE_INFOPLIST_FILE = YES;
				INFOPLIST_KEY_CFBundleDisplayName = Animako;
				INFOPLIST_KEY_UIApplicationSceneManifest_Generation = YES;
				INFOPLIST_KEY_UIApplicationSupportsIndirectInputEvents = YES;
				INFOPLIST_KEY_UILaunchScreen_Generation = YES;
				INFOPLIST_KEY_UISupportedInterfaceOrientations_iPad = "UIInterfaceOrientationPortrait UIInterfaceOrientationPortraitUpsideDown UIInterfaceOrientationLandscapeLeft UIInterfaceOrientationLandscapeRight";
				INFOPLIST_KEY_UISupportedInterfaceOrientations_iPhone = "UIInterfaceOrientationPortrait UIInterfaceOrientationLandscapeLeft UIInterfaceOrientationLandscapeRight";
				LD_RUNPATH_SEARCH_PATHS = (
					"$(inherited)",
					"@executable_path/Frameworks",
				);
				MARKETING_VERSION = 1.0;
				PRODUCT_BUNDLE_IDENTIFIER = com.drikabrak.Animako;
				PRODUCT_NAME = "$(TARGET_NAME)";
				SWIFT_EMIT_LOC_STRINGS = YES;
				SWIFT_VERSION = 5.0;
				TARGETED_DEVICE_FAMILY = "1,2";
			};
			name = Debug;
		};
		48C9241F2C0617E60003EDB4 /* Release */ = {
			isa = XCBuildConfiguration;
			buildSettings = {
				ASSETCATALOG_COMPILER_APPICON_NAME = AppIcon;
				ASSETCATALOG_COMPILER_GLOBAL_ACCENT_COLOR_NAME = AccentColor;
				CODE_SIGN_STYLE = Automatic;
				CURRENT_PROJECT_VERSION = 1;
				DEVELOPMENT_ASSET_PATHS = "\"Animako/Preview Content\"";
				DEVELOPMENT_TEAM = 5ZVRCNG294;
				ENABLE_PREVIEWS = YES;
				GENERATE_INFOPLIST_FILE = YES;
				INFOPLIST_KEY_CFBundleDisplayName = Animako;
				INFOPLIST_KEY_UIApplicationSceneManifest_Generation = YES;
				INFOPLIST_KEY_UIApplicationSupportsIndirectInputEvents = YES;
				INFOPLIST_KEY_UILaunchScreen_Generation = YES;
				INFOPLIST_KEY_UISupportedInterfaceOrientations_iPad = "UIInterfaceOrientationPortrait UIInterfaceOrientationPortraitUpsideDown UIInterfaceOrientationLandscapeLeft UIInterfaceOrientationLandscapeRight";
				INFOPLIST_KEY_UISupportedInterfaceOrientations_iPhone = "UIInterfaceOrientationPortrait UIInterfaceOrientationLandscapeLeft UIInterfaceOrientationLandscapeRight";
				LD_RUNPATH_SEARCH_PATHS = (
					"$(inherited)",
					"@executable_path/Frameworks",
				);
				MARKETING_VERSION = 1.0;
				PRODUCT_BUNDLE_IDENTIFIER = com.drikabrak.Animako;
				PRODUCT_NAME = "$(TARGET_NAME)";
				SWIFT_EMIT_LOC_STRINGS = YES;
				SWIFT_VERSION = 5.0;
				TARGETED_DEVICE_FAMILY = "1,2";
			};
			name = Release;
		};
/* End XCBuildConfiguration section */

/* Begin XCConfigurationList section */
		48C9240A2C0617DF0003EDB4 /* Build configuration list for PBXProject "Animako" */ = {
			isa = XCConfigurationList;
			buildConfigurations = (
				48C9241B2C0617E60003EDB4 /* Debug */,
				48C9241C2C0617E60003EDB4 /* Release */,
			);
			defaultConfigurationIsVisible = 0;
			defaultConfigurationName = Release;
		};
		48C9241D2C0617E60003EDB4 /* Build configuration list for PBXNativeTarget "Animako" */ = {
			isa = XCConfigurationList;
			buildConfigurations = (
				48C9241E2C0617E60003EDB4 /* Debug */,
				48C9241F2C0617E60003EDB4 /* Release */,
			);
			defaultConfigurationIsVisible = 0;
			defaultConfigurationName = Release;
		};
/* End XCConfigurationList section */

/* Begin XCRemoteSwiftPackageReference section */
		48C924242C061A0C0003EDB4 /* XCRemoteSwiftPackageReference "lottie-ios" */ = {
			isa = XCRemoteSwiftPackageReference;
			repositoryURL = "https://github.com/airbnb/lottie-ios";
			requirement = {
				kind = upToNextMajorVersion;
				minimumVersion = 4.4.3;
			};
		};
/* End XCRemoteSwiftPackageReference section */

/* Begin XCSwiftPackageProductDependency section */
		48C924252C061A0D0003EDB4 /* Lottie */ = {
			isa = XCSwiftPackageProductDependency;
			package = 48C924242C061A0C0003EDB4 /* XCRemoteSwiftPackageReference "lottie-ios" */;
			productName = Lottie;
		};
/* End XCSwiftPackageProductDependency section */
	};
	rootObject = 48C924072C0617DF0003EDB4 /* Project object */;
}
